hash: e3981a31f27e1a335358511422f96e84dba54adc37726702fc3927c06746a502
updated: 2017-03-18T17:22:51.279084551-04:00
imports:
- name: github.com/golang/protobuf
  version: c9c7427a2a70d2eb3bafa0ab2dc163e45f143317
  subpackages:
  - proto
- name: github.com/spf13/cobra
  version: 7be4beda01ec05d0b93d80b3facd2b6f44080d94
- name: golang.org/x/net
  version: a6577fac2d73be281a500b310739095313165611
  subpackages:
  - context
- name: google.golang.org/grpc
  version: 708a7f9f3283aa2d4f6132d287d78683babe55c8
testImports: []
